
Microsoft Visual Studio Solution File, Format Version 12.00
# Visual Studio Version 17
VisualStudioVersion = 17.0.32112.339
MinimumVisualStudioVersion = 10.0.40219.1
Project("{FAE04EC0-301F-11D3-BF4B-00C04F79EFBC}") = "MoviesApp", "MovieApp\MoviesApp.csproj", "{2F3D3872-75C5-4B1D-9899-E5BB03452131}"
EndProject
Global
	GlobalSection(SolutionConfigurationPlatforms) = preSolution
		Debug|Any CPU = Debug|Any CPU
		Release|Any CPU = Release|Any CPU
	EndGlobalSection
	GlobalSection(ProjectConfigurationPlatforms) = postSolution
		{2F3D3872-75C5-4B1D-9899-E5BB03452131}.Debug|Any CPU.ActiveCfg = Debug|Any CPU
		{2F3D3872-75C5-4B1D-9899-E5BB03452131}.Debug|Any CPU.Build.0 = Debug|Any CPU
		{2F3D3872-75C5-4B1D-9899-E5BB03452131}.Release|Any CPU.ActiveCfg = Release|Any CPU
		{2F3D3872-75C5-4B1D-9899-E5BB03452131}.Release|Any CPU.Build.0 = Release|Any CPU
	EndGlobalSection
	GlobalSection(SolutionProperties) = preSolution
		HideSolutionNode = FALSE
	EndGlobalSection
	GlobalSection(ExtensibilityGlobals) = postSolution
		SolutionGuid = {1537C264-ED4F-4FC7-9322-E9A343612120}
	EndGlobalSection
EndGlobal
